
Microsoft Visual Studio Solution File, Format Version 12.00
# Visual Studio Version 17
VisualStudioVersion = 17.2.32526.322
MinimumVisualStudioVersion = 10.0.40219.1
Project("{FAE04EC0-301F-11D3-BF4B-00C04F79EFBC}") = "Pipeline", "Pipeline\Pipeline.csproj", "{6AAD52B1-1CE1-43AC-81E4-3CA3A822D77A}"
EndProject
Global
	GlobalSection(SolutionConfigurationPlatforms) = preSolution
		Debug|Any CPU = Debug|Any CPU
		Release|Any CPU = Release|Any CPU
	EndGlobalSection
	GlobalSection(ProjectConfigurationPlatforms) = postSolution
		{6AAD52B1-1CE1-43AC-81E4-3CA3A822D77A}.Debug|Any CPU.ActiveCfg = Debug|Any CPU
		{6AAD52B1-1CE1-43AC-81E4-3CA3A822D77A}.Debug|Any CPU.Build.0 = Debug|Any CPU
		{6AAD52B1-1CE1-43AC-81E4-3CA3A822D77A}.Release|Any CPU.ActiveCfg = Release|Any CPU
		{6AAD52B1-1CE1-43AC-81E4-3CA3A822D77A}.Release|Any CPU.Build.0 = Release|Any CPU
	EndGlobalSection
	GlobalSection(SolutionProperties) = preSolution
		HideSolutionNode = FALSE
	EndGlobalSection
	GlobalSection(ExtensibilityGlobals) = postSolution
		SolutionGuid = {6DDB6390-89F1-4543-8BA1-318EA3A36D57}
	EndGlobalSection
EndGlobal
